
Microsoft Visual Studio Solution File, Format Version 11.00
# Visual Studio 2010
Project("{FAE04EC0-301F-11D3-BF4B-00C04F79EFBC}") = "GAME3011_A1_RodriguesKrystyna", "Assembly-CSharp.csproj", "{B02F2EB8-F298-70E9-4B72-D6D8FAD71C48}"
EndProject
Global
	GlobalSection(SolutionConfigurationPlatforms) = preSolution
		Debug|Any CPU = Debug|Any CPU
		Release|Any CPU = Release|Any CPU
	EndGlobalSection
	GlobalSection(ProjectConfigurationPlatforms) = postSolution
		{B02F2EB8-F298-70E9-4B72-D6D8FAD71C48}.Debug|Any CPU.ActiveCfg = Debug|Any CPU
		{B02F2EB8-F298-70E9-4B72-D6D8FAD71C48}.Debug|Any CPU.Build.0 = Debug|Any CPU
		{B02F2EB8-F298-70E9-4B72-D6D8FAD71C48}.Release|Any CPU.ActiveCfg = Release|Any CPU
		{B02F2EB8-F298-70E9-4B72-D6D8FAD71C48}.Release|Any CPU.Build.0 = Release|Any CPU
	EndGlobalSection
	GlobalSection(SolutionProperties) = preSolution
		HideSolutionNode = FALSE
	EndGlobalSection
	GlobalSection(MonoDevelopProperties) = preSolution
		StartupItem = Assembly-CSharp.csproj
	EndGlobalSection
EndGlobal
